
Microsoft Visual Studio Solution File, Format Version 12.00
# Visual Studio Version 17
VisualStudioVersion = 17.0.31903.59
MinimumVisualStudioVersion = 10.0.40219.1
Project("{2150E333-8FDC-42A3-9474-1A3956D46DE8}") = "src", "src", "{827E0CD3-B72D-47B6-A68D-7590B98EB39B}"
EndProject
Project("{FAE04EC0-301F-11D3-BF4B-00C04F79EFBC}") = "RASharp.Core", "src\RASharp.Core\RASharp.Core.csproj", "{F6C489C6-E30A-49A8-B98C-998D101BA31D}"
EndProject
Project("{FAE04EC0-301F-11D3-BF4B-00C04F79EFBC}") = "RASharp.Windows", "src\RASharp.Windows\RASharp.Windows.csproj", "{13291194-0637-4ECA-95DA-C5FCCCA7D4EE}"
EndProject
Project("{FAE04EC0-301F-11D3-BF4B-00C04F79EFBC}") = "RASharp.App", "src\RASharp.App\RASharp.App.csproj", "{18EBA0BC-B82D-48AD-B99B-EF009AB5DC67}"
EndProject
Project("{2150E333-8FDC-42A3-9474-1A3956D46DE8}") = "tests", "tests", "{0AB3BF05-4346-4AA6-1389-037BE0695223}"
EndProject
Project("{FAE04EC0-301F-11D3-BF4B-00C04F79EFBC}") = "RASharp.Core.Tests", "tests\RASharp.Core.Tests\RASharp.Core.Tests.csproj", "{EBF420B2-A92F-4D40-B70C-7D5E45FCC401}"
EndProject
Global
	GlobalSection(SolutionConfigurationPlatforms) = preSolution
		Debug|Any CPU = Debug|Any CPU
		Debug|x64 = Debug|x64
		Debug|x86 = Debug|x86
		Release|Any CPU = Release|Any CPU
		Release|x64 = Release|x64
		Release|x86 = Release|x86
	EndGlobalSection
	GlobalSection(ProjectConfigurationPlatforms) = postSolution
		{F6C489C6-E30A-49A8-B98C-998D101BA31D}.Debug|Any CPU.ActiveCfg = Debug|Any CPU
		{F6C489C6-E30A-49A8-B98C-998D101BA31D}.Debug|Any CPU.Build.0 = Debug|Any CPU
		{F6C489C6-E30A-49A8-B98C-998D101BA31D}.Debug|x64.ActiveCfg = Debug|Any CPU
		{F6C489C6-E30A-49A8-B98C-998D101BA31D}.Debug|x64.Build.0 = Debug|Any CPU
		{F6C489C6-E30A-49A8-B98C-998D101BA31D}.Debug|x86.ActiveCfg = Debug|Any CPU
		{F6C489C6-E30A-49A8-B98C-998D101BA31D}.Debug|x86.Build.0 = Debug|Any CPU
		{F6C489C6-E30A-49A8-B98C-998D101BA31D}.Release|Any CPU.ActiveCfg = Release|Any CPU
		{F6C489C6-E30A-49A8-B98C-998D101BA31D}.Release|Any CPU.Build.0 = Release|Any CPU
		{F6C489C6-E30A-49A8-B98C-998D101BA31D}.Release|x64.ActiveCfg = Release|Any CPU
		{F6C489C6-E30A-49A8-B98C-998D101BA31D}.Release|x64.Build.0 = Release|Any CPU
		{F6C489C6-E30A-49A8-B98C-998D101BA31D}.Release|x86.ActiveCfg = Release|Any CPU
		{F6C489C6-E30A-49A8-B98C-998D101BA31D}.Release|x86.Build.0 = Release|Any CPU
		{13291194-0637-4ECA-95DA-C5FCCCA7D4EE}.Debug|Any CPU.ActiveCfg = Debug|Any CPU
		{13291194-0637-4ECA-95DA-C5FCCCA7D4EE}.Debug|Any CPU.Build.0 = Debug|Any CPU
		{13291194-0637-4ECA-95DA-C5FCCCA7D4EE}.Debug|x64.ActiveCfg = Debug|Any CPU
		{13291194-0637-4ECA-95DA-C5FCCCA7D4EE}.Debug|x64.Build.0 = Debug|Any CPU
		{13291194-0637-4ECA-95DA-C5FCCCA7D4EE}.Debug|x86.ActiveCfg = Debug|Any CPU
		{13291194-0637-4ECA-95DA-C5FCCCA7D4EE}.Debug|x86.Build.0 = Debug|Any CPU
		{13291194-0637-4ECA-95DA-C5FCCCA7D4EE}.Release|Any CPU.ActiveCfg = Release|Any CPU
		{13291194-0637-4ECA-95DA-C5FCCCA7D4EE}.Release|Any CPU.Build.0 = Release|Any CPU
		{13291194-0637-4ECA-95DA-C5FCCCA7D4EE}.Release|x64.ActiveCfg = Release|Any CPU
		{13291194-0637-4ECA-95DA-C5FCCCA7D4EE}.Release|x64.Build.0 = Release|Any CPU
		{13291194-0637-4ECA-95DA-C5FCCCA7D4EE}.Release|x86.ActiveCfg = Release|Any CPU
		{13291194-0637-4ECA-95DA-C5FCCCA7D4EE}.Release|x86.Build.0 = Release|Any CPU
		{18EBA0BC-B82D-48AD-B99B-EF009AB5DC67}.Debug|Any CPU.ActiveCfg = Debug|Any CPU
		{18EBA0BC-B82D-48AD-B99B-EF009AB5DC67}.Debug|Any CPU.Build.0 = Debug|Any CPU
		{18EBA0BC-B82D-48AD-B99B-EF009AB5DC67}.Debug|x64.ActiveCfg = Debug|Any CPU
		{18EBA0BC-B82D-48AD-B99B-EF009AB5DC67}.Debug|x64.Build.0 = Debug|Any CPU
		{18EBA0BC-B82D-48AD-B99B-EF009AB5DC67}.Debug|x86.ActiveCfg = Debug|Any CPU
		{18EBA0BC-B82D-48AD-B99B-EF009AB5DC67}.Debug|x86.Build.0 = Debug|Any CPU
		{18EBA0BC-B82D-48AD-B99B-EF009AB5DC67}.Release|Any CPU.ActiveCfg = Release|Any CPU
		{18EBA0BC-B82D-48AD-B99B-EF009AB5DC67}.Release|Any CPU.Build.0 = Release|Any CPU
		{18EBA0BC-B82D-48AD-B99B-EF009AB5DC67}.Release|x64.ActiveCfg = Release|Any CPU
		{18EBA0BC-B82D-48AD-B99B-EF009AB5DC67}.Release|x64.Build.0 = Release|Any CPU
		{18EBA0BC-B82D-48AD-B99B-EF009AB5DC67}.Release|x86.ActiveCfg = Release|Any CPU
		{18EBA0BC-B82D-48AD-B99B-EF009AB5DC67}.Release|x86.Build.0 = Release|Any CPU
		{EBF420B2-A92F-4D40-B70C-7D5E45FCC401}.Debug|Any CPU.ActiveCfg = Debug|Any CPU
		{EBF420B2-A92F-4D40-B70C-7D5E45FCC401}.Debug|Any CPU.Build.0 = Debug|Any CPU
		{EBF420B2-A92F-4D40-B70C-7D5E45FCC401}.Debug|x64.ActiveCfg = Debug|Any CPU
		{EBF420B2-A92F-4D40-B70C-7D5E45FCC401}.Debug|x64.Build.0 = Debug|Any CPU
		{EBF420B2-A92F-4D40-B70C-7D5E45FCC401}.Debug|x86.ActiveCfg = Debug|Any CPU
		{EBF420B2-A92F-4D40-B70C-7D5E45FCC401}.Debug|x86.Build.0 = Debug|Any CPU
		{EBF420B2-A92F-4D40-B70C-7D5E45FCC401}.Release|Any CPU.ActiveCfg = Release|Any CPU
		{EBF420B2-A92F-4D40-B70C-7D5E45FCC401}.Release|Any CPU.Build.0 = Release|Any CPU
		{EBF420B2-A92F-4D40-B70C-7D5E45FCC401}.Release|x64.ActiveCfg = Release|Any CPU
		{EBF420B2-A92F-4D40-B70C-7D5E45FCC401}.Release|x64.Build.0 = Release|Any CPU
		{EBF420B2-A92F-4D40-B70C-7D5E45FCC401}.Release|x86.ActiveCfg = Release|Any CPU
		{EBF420B2-A92F-4D40-B70C-7D5E45FCC401}.Release|x86.Build.0 = Release|Any CPU
	EndGlobalSection
	GlobalSection(SolutionProperties) = preSolution
		HideSolutionNode = FALSE
	EndGlobalSection
	GlobalSection(NestedProjects) = preSolution
		{F6C489C6-E30A-49A8-B98C-998D101BA31D} = {827E0CD3-B72D-47B6-A68D-7590B98EB39B}
		{13291194-0637-4ECA-95DA-C5FCCCA7D4EE} = {827E0CD3-B72D-47B6-A68D-7590B98EB39B}
		{18EBA0BC-B82D-48AD-B99B-EF009AB5DC67} = {827E0CD3-B72D-47B6-A68D-7590B98EB39B}
		{EBF420B2-A92F-4D40-B70C-7D5E45FCC401} = {0AB3BF05-4346-4AA6-1389-037BE0695223}
	EndGlobalSection
EndGlobal
